
Microsoft Visual Studio Solution File, Format Version 12.00
# Visual Studio Version 17
VisualStudioVersion = 17.5.002.0
MinimumVisualStudioVersion = 10.0.40219.1
Project("{9A19103F-16F7-4668-BE54-9A1E7A4F7556}") = "LightweightPlatform", "LightweightPlatform.csproj", "{7931072C-5AD5-4F5A-8C52-B15DA72757BB}"
EndProject
Global
	GlobalSection(SolutionConfigurationPlatforms) = preSolution
		Debug|Any CPU = Debug|Any CPU
		Release|Any CPU = Release|Any CPU
	EndGlobalSection
	GlobalSection(ProjectConfigurationPlatforms) = postSolution
		{7931072C-5AD5-4F5A-8C52-B15DA72757BB}.Debug|Any CPU.ActiveCfg = Debug|Any CPU
		{7931072C-5AD5-4F5A-8C52-B15DA72757BB}.Debug|Any CPU.Build.0 = Debug|Any CPU
		{7931072C-5AD5-4F5A-8C52-B15DA72757BB}.Release|Any CPU.ActiveCfg = Release|Any CPU
		{7931072C-5AD5-4F5A-8C52-B15DA72757BB}.Release|Any CPU.Build.0 = Release|Any CPU
	EndGlobalSection
	GlobalSection(SolutionProperties) = preSolution
		HideSolutionNode = FALSE
	EndGlobalSection
	GlobalSection(ExtensibilityGlobals) = postSolution
		SolutionGuid = {527C0216-62AB-44F6-AEC5-2D525731EE1F}
	EndGlobalSection
EndGlobal
